
Microsoft Visual Studio Solution File, Format Version 12.00
# Visual Studio Version 17
VisualStudioVersion = 17.9.34607.119
MinimumVisualStudioVersion = 10.0.40219.1
Project("{FAE04EC0-301F-11D3-BF4B-00C04F79EFBC}") = "Lambda_cs", "Lambda_cs\Lambda_cs.csproj", "{6C8456C4-08AB-4D43-9159-183AEEBF6503}"
EndProject
Project("{FAE04EC0-301F-11D3-BF4B-00C04F79EFBC}") = "Lambda", "Lambda\Lambda.csproj", "{C6780B2E-AAFB-4B69-8145-EF35E8300CF4}"
EndProject
Global
	GlobalSection(SolutionConfigurationPlatforms) = preSolution
		Debug|Any CPU = Debug|Any CPU
		Release|Any CPU = Release|Any CPU
	EndGlobalSection
	GlobalSection(ProjectConfigurationPlatforms) = postSolution
		{6C8456C4-08AB-4D43-9159-183AEEBF6503}.Debug|Any CPU.ActiveCfg = Debug|Any CPU
		{6C8456C4-08AB-4D43-9159-183AEEBF6503}.Debug|Any CPU.Build.0 = Debug|Any CPU
		{6C8456C4-08AB-4D43-9159-183AEEBF6503}.Release|Any CPU.ActiveCfg = Release|Any CPU
		{6C8456C4-08AB-4D43-9159-183AEEBF6503}.Release|Any CPU.Build.0 = Release|Any CPU
		{C6780B2E-AAFB-4B69-8145-EF35E8300CF4}.Debug|Any CPU.ActiveCfg = Debug|Any CPU
		{C6780B2E-AAFB-4B69-8145-EF35E8300CF4}.Debug|Any CPU.Build.0 = Debug|Any CPU
		{C6780B2E-AAFB-4B69-8145-EF35E8300CF4}.Release|Any CPU.ActiveCfg = Release|Any CPU
		{C6780B2E-AAFB-4B69-8145-EF35E8300CF4}.Release|Any CPU.Build.0 = Release|Any CPU
	EndGlobalSection
	GlobalSection(SolutionProperties) = preSolution
		HideSolutionNode = FALSE
	EndGlobalSection
	GlobalSection(ExtensibilityGlobals) = postSolution
		SolutionGuid = {027F8F94-CB67-4403-9A25-C94A3AE279AB}
	EndGlobalSection
EndGlobal
